// !$*UTF8*$!
{
	archiveVersion = 1;
	classes = {
	};
	objectVersion = 50;
	objects = {

/* Begin PBXBuildFile section */
		7F4A020E249D34CB0035B875 /* TopPlayers_2020.swift in Sources */ = {isa = PBXBuildFile; fileRef = 7F4A020D249D34CB0035B875 /* TopPlayers_2020.swift */; };
		7F4A0210249D37A10035B875 /* Global.swift in Sources */ = {isa = PBXBuildFile; fileRef = 7F4A020F249D37A10035B875 /* Global.swift */; };
		7F86E732249E4287003A980E /* TeamDepthChart_2020.swift in Sources */ = {isa = PBXBuildFile; fileRef = 7F86E731249E4287003A980E /* TeamDepthChart_2020.swift */; };
		7F9FA4E9249BE444007E2145 /* AppDelegate.swift in Sources */ = {isa = PBXBuildFile; fileRef = 7F9FA4E8249BE444007E2145 /* AppDelegate.swift */; };
		7F9FA4EB249BE444007E2145 /* SceneDelegate.swift in Sources */ = {isa = PBXBuildFile; fileRef = 7F9FA4EA249BE444007E2145 /* SceneDelegate.swift */; };
		7F9FA4ED249BE444007E2145 /* Main.swift in Sources */ = {isa = PBXBuildFile; fileRef = 7F9FA4EC249BE444007E2145 /* Main.swift */; };
		7F9FA4F0249BE444007E2145 /* Main.storyboard in Resources */ = {isa = PBXBuildFile; fileRef = 7F9FA4EE249BE444007E2145 /* Main.storyboard */; };
		7F9FA4F3249BE444007E2145 /* Fantasy_FB_Draft_Kit.xcdatamodeld in Sources */ = {isa = PBXBuildFile; fileRef = 7F9FA4F1249BE444007E2145 /* Fantasy_FB_Draft_Kit.xcdatamodeld */; };
		7F9FA4F5249BE445007E2145 /* Assets.xcassets in Resources */ = {isa = PBXBuildFile; fileRef = 7F9FA4F4249BE445007E2145 /* Assets.xcassets */; };
		7F9FA4F8249BE445007E2145 /* LaunchScreen.storyboard in Resources */ = {isa = PBXBuildFile; fileRef = 7F9FA4F6249BE445007E2145 /* LaunchScreen.storyboard */; };
		7F9FA503249BE445007E2145 /* Fantasy_FB_Draft_KitTests.swift in Sources */ = {isa = PBXBuildFile; fileRef = 7F9FA502249BE445007E2145 /* Fantasy_FB_Draft_KitTests.swift */; };
		7F9FA50E249BE445007E2145 /* Fantasy_FB_Draft_KitUITests.swift in Sources */ = {isa = PBXBuildFile; fileRef = 7F9FA50D249BE445007E2145 /* Fantasy_FB_Draft_KitUITests.swift */; };
		7F9FA51F249BE7F1007E2145 /* AppInfo.swift in Sources */ = {isa = PBXBuildFile; fileRef = 7F9FA51E249BE7F1007E2145 /* AppInfo.swift */; };
		7F9FA522249BE9C1007E2145 /* Season_2020.storyboard in Resources */ = {isa = PBXBuildFile; fileRef = 7F9FA521249BE9C1007E2145 /* Season_2020.storyboard */; };
		7F9FA524249BEA6F007E2145 /* Season_2020.swift in Sources */ = {isa = PBXBuildFile; fileRef = 7F9FA523249BEA6F007E2145 /* Season_2020.swift */; };
		7F9FA527249BEB30007E2145 /* Database.swift in Sources */ = {isa = PBXBuildFile; fileRef = 7F9FA526249BEB30007E2145 /* Database.swift */; };
		7F9FA529249BEB5C007E2145 /* Database_2020.swift in Sources */ = {isa = PBXBuildFile; fileRef = 7F9FA528249BEB5C007E2145 /* Database_2020.swift */; };
		7F9FA52B249BEC0C007E2145 /* Ex_Databases.swift in Sources */ = {isa = PBXBuildFile; fileRef = 7F9FA52A249BEC0C007E2145 /* Ex_Databases.swift */; };
		7FDFB493249DA2660072F1DC /* DepthCharts_2020.swift in Sources */ = {isa = PBXBuildFile; fileRef = 7FDFB492249DA2660072F1DC /* DepthCharts_2020.swift */; };
		7FDFB495249DA8D30072F1DC /* MyLeagues_2020.swift in Sources */ = {isa = PBXBuildFile; fileRef = 7FDFB494249DA8D30072F1DC /* MyLeagues_2020.swift */; };
		7FDFB497249DA9710072F1DC /* Extensions.swift in Sources */ = {isa = PBXBuildFile; fileRef = 7FDFB496249DA9710072F1DC /* Extensions.swift */; };
		7FDFB499249DAA3E0072F1DC /* CustomCell.swift in Sources */ = {isa = PBXBuildFile; fileRef = 7FDFB498249DAA3E0072F1DC /* CustomCell.swift */; };
		7FDFB49B249DAB650072F1DC /* MyTeam_2020.swift in Sources */ = {isa = PBXBuildFile; fileRef = 7FDFB49A249DAB650072F1DC /* MyTeam_2020.swift */; };
		7FDFB49D249DADC70072F1DC /* DraftOrder_2020.swift in Sources */ = {isa = PBXBuildFile; fileRef = 7FDFB49C249DADC70072F1DC /* DraftOrder_2020.swift */; };
/* End PBXBuildFile section */

/* Begin PBXContainerItemProxy section */
		7F9FA4FF249BE445007E2145 /* PBXContainerItemProxy */ = {
			isa = PBXContainerItemProxy;
			containerPortal = 7F9FA4DD249BE444007E2145 /* Project object */;
			proxyType = 1;
			remoteGlobalIDString = 7F9FA4E4249BE444007E2145;
			remoteInfo = "Fantasy FB Draft Kit";
		};
		7F9FA50A249BE445007E2145 /* PBXContainerItemProxy */ = {
			isa = PBXContainerItemProxy;
			containerPortal = 7F9FA4DD249BE444007E2145 /* Project object */;
			proxyType = 1;
			remoteGlobalIDString = 7F9FA4E4249BE444007E2145;
			remoteInfo = "Fantasy FB Draft Kit";
		};
/* End PBXContainerItemProxy section */

/* Begin PBXFileReference section */
		7F4A020D249D34CB0035B875 /* TopPlayers_2020.swift */ = {isa = PBXFileReference; lastKnownFileType = sourcecode.swift; path = TopPlayers_2020.swift; sourceTree = "<group>"; };
		7F4A020F249D37A10035B875 /* Global.swift */ = {isa = PBXFileReference; lastKnownFileType = sourcecode.swift; path = Global.swift; sourceTree = "<group>"; };
		7F86E731249E4287003A980E /* TeamDepthChart_2020.swift */ = {isa = PBXFileReference; lastKnownFileType = sourcecode.swift; path = TeamDepthChart_2020.swift; sourceTree = "<group>"; };
		7F9FA4E5249BE444007E2145 /* Fantasy FB Draft Kit.app */ = {isa = PBXFileReference; explicitFileType = wrapper.application; includeInIndex = 0; path = "Fantasy FB Draft Kit.app"; sourceTree = BUILT_PRODUCTS_DIR; };
		7F9FA4E8249BE444007E2145 /* AppDelegate.swift */ = {isa = PBXFileReference; lastKnownFileType = sourcecode.swift; path = AppDelegate.swift; sourceTree = "<group>"; };
		7F9FA4EA249BE444007E2145 /* SceneDelegate.swift */ = {isa = PBXFileReference; lastKnownFileType = sourcecode.swift; path = SceneDelegate.swift; sourceTree = "<group>"; };
		7F9FA4EC249BE444007E2145 /* Main.swift */ = {isa = PBXFileReference; lastKnownFileType = sourcecode.swift; path = Main.swift; sourceTree = "<group>"; };
		7F9FA4EF249BE444007E2145 /* Base */ = {isa = PBXFileReference; lastKnownFileType = file.storyboard; name = Base; path = Base.lproj/Main.storyboard; sourceTree = "<group>"; };
		7F9FA4F2249BE444007E2145 /* Fantasy_FB_Draft_Kit.xcdatamodel */ = {isa = PBXFileReference; lastKnownFileType = wrapper.xcdatamodel; path = Fantasy_FB_Draft_Kit.xcdatamodel; sourceTree = "<group>"; };
		7F9FA4F4249BE445007E2145 /* Assets.xcassets */ = {isa = PBXFileReference; lastKnownFileType = folder.assetcatalog; path = Assets.xcassets; sourceTree = "<group>"; };
		7F9FA4F7249BE445007E2145 /* Base */ = {isa = PBXFileReference; lastKnownFileType = file.storyboard; name = Base; path = Base.lproj/LaunchScreen.storyboard; sourceTree = "<group>"; };
		7F9FA4F9249BE445007E2145 /* Info.plist */ = {isa = PBXFileReference; lastKnownFileType = text.plist.xml; path = Info.plist; sourceTree = "<group>"; };
		7F9FA4FE249BE445007E2145 /* Fantasy FB Draft KitTests.xctest */ = {isa = PBXFileReference; explicitFileType = wrapper.cfbundle; includeInIndex = 0; path = "Fantasy FB Draft KitTests.xctest"; sourceTree = BUILT_PRODUCTS_DIR; };
		7F9FA502249BE445007E2145 /* Fantasy_FB_Draft_KitTests.swift */ = {isa = PBXFileReference; lastKnownFileType = sourcecode.swift; path = Fantasy_FB_Draft_KitTests.swift; sourceTree = "<group>"; };
		7F9FA504249BE445007E2145 /* Info.plist */ = {isa = PBXFileReference; lastKnownFileType = text.plist.xml; path = Info.plist; sourceTree = "<group>"; };
		7F9FA509249BE445007E2145 /* Fantasy FB Draft KitUITests.xctest */ = {isa = PBXFileReference; explicitFileType = wrapper.cfbundle; includeInIndex = 0; path = "Fantasy FB Draft KitUITests.xctest"; sourceTree = BUILT_PRODUCTS_DIR; };
		7F9FA50D249BE445007E2145 /* Fantasy_FB_Draft_KitUITests.swift */ = {isa = PBXFileReference; lastKnownFileType = sourcecode.swift; path = Fantasy_FB_Draft_KitUITests.swift; sourceTree = "<group>"; };
		7F9FA50F249BE445007E2145 /* Info.plist */ = {isa = PBXFileReference; lastKnownFileType = text.plist.xml; path = Info.plist; sourceTree = "<group>"; };
		7F9FA51E249BE7F1007E2145 /* AppInfo.swift */ = {isa = PBXFileReference; lastKnownFileType = sourcecode.swift; path = AppInfo.swift; sourceTree = "<group>"; };
		7F9FA521249BE9C1007E2145 /* Season_2020.storyboard */ = {isa = PBXFileReference; lastKnownFileType = file.storyboard; path = Season_2020.storyboard; sourceTree = "<group>"; };
		7F9FA523249BEA6F007E2145 /* Season_2020.swift */ = {isa = PBXFileReference; lastKnownFileType = sourcecode.swift; path = Season_2020.swift; sourceTree = "<group>"; };
		7F9FA526249BEB30007E2145 /* Database.swift */ = {isa = PBXFileReference; lastKnownFileType = sourcecode.swift; path = Database.swift; sourceTree = "<group>"; };
		7F9FA528249BEB5C007E2145 /* Database_2020.swift */ = {isa = PBXFileReference; lastKnownFileType = sourcecode.swift; path = Database_2020.swift; sourceTree = "<group>"; };
		7F9FA52A249BEC0C007E2145 /* Ex_Databases.swift */ = {isa = PBXFileReference; lastKnownFileType = sourcecode.swift; path = Ex_Databases.swift; sourceTree = "<group>"; };
		7FDFB492249DA2660072F1DC /* DepthCharts_2020.swift */ = {isa = PBXFileReference; lastKnownFileType = sourcecode.swift; path = DepthCharts_2020.swift; sourceTree = "<group>"; };
		7FDFB494249DA8D30072F1DC /* MyLeagues_2020.swift */ = {isa = PBXFileReference; lastKnownFileType = sourcecode.swift; path = MyLeagues_2020.swift; sourceTree = "<group>"; };
		7FDFB496249DA9710072F1DC /* Extensions.swift */ = {isa = PBXFileReference; lastKnownFileType = sourcecode.swift; path = Extensions.swift; sourceTree = "<group>"; };
		7FDFB498249DAA3E0072F1DC /* CustomCell.swift */ = {isa = PBXFileReference; lastKnownFileType = sourcecode.swift; path = CustomCell.swift; sourceTree = "<group>"; };
		7FDFB49A249DAB650072F1DC /* MyTeam_2020.swift */ = {isa = PBXFileReference; lastKnownFileType = sourcecode.swift; path = MyTeam_2020.swift; sourceTree = "<group>"; };
		7FDFB49C249DADC70072F1DC /* DraftOrder_2020.swift */ = {isa = PBXFileReference; lastKnownFileType = sourcecode.swift; path = DraftOrder_2020.swift; sourceTree = "<group>"; };
/* End PBXFileReference section */

/* Begin PBXFrameworksBuildPhase section */
		7F9FA4E2249BE444007E2145 /* Frameworks */ = {
			isa = PBXFrameworksBuildPhase;
			buildActionMask = 2147483647;
			files = (
			);
			runOnlyForDeploymentPostprocessing = 0;
		};
		7F9FA4FB249BE445007E2145 /* Frameworks */ = {
			isa = PBXFrameworksBuildPhase;
			buildActionMask = 2147483647;
			files = (
			);
			runOnlyForDeploymentPostprocessing = 0;
		};
		7F9FA506249BE445007E2145 /* Frameworks */ = {
			isa = PBXFrameworksBuildPhase;
			buildActionMask = 2147483647;
			files = (
			);
			runOnlyForDeploymentPostprocessing = 0;
		};
/* End PBXFrameworksBuildPhase section */

/* Begin PBXGroup section */
		7F9FA4DC249BE444007E2145 = {
			isa = PBXGroup;
			children = (
				7F9FA4E7249BE444007E2145 /* Fantasy FB Draft Kit */,
				7F9FA501249BE445007E2145 /* Fantasy FB Draft KitTests */,
				7F9FA50C249BE445007E2145 /* Fantasy FB Draft KitUITests */,
				7F9FA4E6249BE444007E2145 /* Products */,
			);
			sourceTree = "<group>";
		};
		7F9FA4E6249BE444007E2145 /* Products */ = {
			isa = PBXGroup;
			children = (
				7F9FA4E5249BE444007E2145 /* Fantasy FB Draft Kit.app */,
				7F9FA4FE249BE445007E2145 /* Fantasy FB Draft KitTests.xctest */,
				7F9FA509249BE445007E2145 /* Fantasy FB Draft KitUITests.xctest */,
			);
			name = Products;
			sourceTree = "<group>";
		};
		7F9FA4E7249BE444007E2145 /* Fantasy FB Draft Kit */ = {
			isa = PBXGroup;
			children = (
				7F9FA51D249BE4A1007E2145 /* Global */,
				7F9FA51B249BE46C007E2145 /* Storyboards */,
				7F9FA4E8249BE444007E2145 /* AppDelegate.swift */,
				7F9FA520249BE981007E2145 /* 2020 Season */,
				7F9FA4EA249BE444007E2145 /* SceneDelegate.swift */,
				7F9FA4F4249BE445007E2145 /* Assets.xcassets */,
				7F9FA4F6249BE445007E2145 /* LaunchScreen.storyboard */,
				7F9FA4F9249BE445007E2145 /* Info.plist */,
				7F9FA4F1249BE444007E2145 /* Fantasy_FB_Draft_Kit.xcdatamodeld */,
			);
			path = "Fantasy FB Draft Kit";
			sourceTree = "<group>";
		};
		7F9FA501249BE445007E2145 /* Fantasy FB Draft KitTests */ = {
			isa = PBXGroup;
			children = (
				7F9FA502249BE445007E2145 /* Fantasy_FB_Draft_KitTests.swift */,
				7F9FA504249BE445007E2145 /* Info.plist */,
			);
			path = "Fantasy FB Draft KitTests";
			sourceTree = "<group>";
		};
		7F9FA50C249BE445007E2145 /* Fantasy FB Draft KitUITests */ = {
			isa = PBXGroup;
			children = (
				7F9FA50D249BE445007E2145 /* Fantasy_FB_Draft_KitUITests.swift */,
				7F9FA50F249BE445007E2145 /* Info.plist */,
			);
			path = "Fantasy FB Draft KitUITests";
			sourceTree = "<group>";
		};
		7F9FA51B249BE46C007E2145 /* Storyboards */ = {
			isa = PBXGroup;
			children = (
				7F9FA4EE249BE444007E2145 /* Main.storyboard */,
				7F9FA521249BE9C1007E2145 /* Season_2020.storyboard */,
			);
			path = Storyboards;
			sourceTree = "<group>";
		};
		7F9FA51D249BE4A1007E2145 /* Global */ = {
			isa = PBXGroup;
			children = (
				7F9FA4EC249BE444007E2145 /* Main.swift */,
				7F9FA51E249BE7F1007E2145 /* AppInfo.swift */,
				7F4A020F249D37A10035B875 /* Global.swift */,
				7FDFB496249DA9710072F1DC /* Extensions.swift */,
				7FDFB498249DAA3E0072F1DC /* CustomCell.swift */,
				7F9FA525249BEB0F007E2145 /* Databases */,
			);
			path = Global;
			sourceTree = "<group>";
		};
		7F9FA520249BE981007E2145 /* 2020 Season */ = {
			isa = PBXGroup;
			children = (
				7F9FA523249BEA6F007E2145 /* Season_2020.swift */,
				7F4A020D249D34CB0035B875 /* TopPlayers_2020.swift */,
				7FDFB492249DA2660072F1DC /* DepthCharts_2020.swift */,
				7F86E731249E4287003A980E /* TeamDepthChart_2020.swift */,
				7FDFB494249DA8D30072F1DC /* MyLeagues_2020.swift */,
				7FDFB49A249DAB650072F1DC /* MyTeam_2020.swift */,
				7FDFB49C249DADC70072F1DC /* DraftOrder_2020.swift */,
			);
			path = "2020 Season";
			sourceTree = "<group>";
		};
		7F9FA525249BEB0F007E2145 /* Databases */ = {
			isa = PBXGroup;
			children = (
				7F9FA526249BEB30007E2145 /* Database.swift */,
				7F9FA528249BEB5C007E2145 /* Database_2020.swift */,
				7F9FA52A249BEC0C007E2145 /* Ex_Databases.swift */,
			);
			path = Databases;
			sourceTree = "<group>";
		};
/* End PBXGroup section */

/* Begin PBXNativeTarget section */
		7F9FA4E4249BE444007E2145 /* Fantasy FB Draft Kit */ = {
			isa = PBXNativeTarget;
			buildConfigurationList = 7F9FA512249BE445007E2145 /* Build configuration list for PBXNativeTarget "Fantasy FB Draft Kit" */;
			buildPhases = (
				7F9FA4E1249BE444007E2145 /* Sources */,
				7F9FA4E2249BE444007E2145 /* Frameworks */,
				7F9FA4E3249BE444007E2145 /* Resources */,
			);
			buildRules = (
			);
			dependencies = (
			);
			name = "Fantasy FB Draft Kit";
			productName = "Fantasy FB Draft Kit";
			productReference = 7F9FA4E5249BE444007E2145 /* Fantasy FB Draft Kit.app */;
			productType = "com.apple.product-type.application";
		};
		7F9FA4FD249BE445007E2145 /* Fantasy FB Draft KitTests */ = {
			isa = PBXNativeTarget;
			buildConfigurationList = 7F9FA515249BE445007E2145 /* Build configuration list for PBXNativeTarget "Fantasy FB Draft KitTests" */;
			buildPhases = (
				7F9FA4FA249BE445007E2145 /* Sources */,
				7F9FA4FB249BE445007E2145 /* Frameworks */,
				7F9FA4FC249BE445007E2145 /* Resources */,
			);
			buildRules = (
			);
			dependencies = (
				7F9FA500249BE445007E2145 /* PBXTargetDependency */,
			);
			name = "Fantasy FB Draft KitTests";
			productName = "Fantasy FB Draft KitTests";
			productReference = 7F9FA4FE249BE445007E2145 /* Fantasy FB Draft KitTests.xctest */;
			productType = "com.apple.product-type.bundle.unit-test";
		};
		7F9FA508249BE445007E2145 /* Fantasy FB Draft KitUITests */ = {
			isa = PBXNativeTarget;
			buildConfigurationList = 7F9FA518249BE445007E2145 /* Build configuration list for PBXNativeTarget "Fantasy FB Draft KitUITests" */;
			buildPhases = (
				7F9FA505249BE445007E2145 /* Sources */,
				7F9FA506249BE445007E2145 /* Frameworks */,
				7F9FA507249BE445007E2145 /* Resources */,
			);
			buildRules = (
			);
			dependencies = (
				7F9FA50B249BE445007E2145 /* PBXTargetDependency */,
			);
			name = "Fantasy FB Draft KitUITests";
			productName = "Fantasy FB Draft KitUITests";
			productReference = 7F9FA509249BE445007E2145 /* Fantasy FB Draft KitUITests.xctest */;
			productType = "com.apple.product-type.bundle.ui-testing";
		};
/* End PBXNativeTarget section */

/* Begin PBXProject section */
		7F9FA4DD249BE444007E2145 /* Project object */ = {
			isa = PBXProject;
			attributes = {
				LastSwiftUpdateCheck = 1150;
				LastUpgradeCheck = 1150;
				ORGANIZATIONNAME = "Jared Pino";
				TargetAttributes = {
					7F9FA4E4249BE444007E2145 = {
						CreatedOnToolsVersion = 11.5;
					};
					7F9FA4FD249BE445007E2145 = {
						CreatedOnToolsVersion = 11.5;
						TestTargetID = 7F9FA4E4249BE444007E2145;
					};
					7F9FA508249BE445007E2145 = {
						CreatedOnToolsVersion = 11.5;
						TestTargetID = 7F9FA4E4249BE444007E2145;
					};
				};
			};
			buildConfigurationList = 7F9FA4E0249BE444007E2145 /* Build configuration list for PBXProject "Fantasy FB Draft Kit" */;
			compatibilityVersion = "Xcode 9.3";
			developmentRegion = en;
			hasScannedForEncodings = 0;
			knownRegions = (
				en,
				Base,
			);
			mainGroup = 7F9FA4DC249BE444007E2145;
			productRefGroup = 7F9FA4E6249BE444007E2145 /* Products */;
			projectDirPath = "";
			projectRoot = "";
			targets = (
				7F9FA4E4249BE444007E2145 /* Fantasy FB Draft Kit */,
				7F9FA4FD249BE445007E2145 /* Fantasy FB Draft KitTests */,
				7F9FA508249BE445007E2145 /* Fantasy FB Draft KitUITests */,
			);
		};
/* End PBXProject section */

/* Begin PBXResourcesBuildPhase section */
		7F9FA4E3249BE444007E2145 /* Resources */ = {
			isa = PBXResourcesBuildPhase;
			buildActionMask = 2147483647;
			files = (
				7F9FA4F8249BE445007E2145 /* LaunchScreen.storyboard in Resources */,
				7F9FA522249BE9C1007E2145 /* Season_2020.storyboard in Resources */,
				7F9FA4F5249BE445007E2145 /* Assets.xcassets in Resources */,
				7F9FA4F0249BE444007E2145 /* Main.storyboard in Resources */,
			);
			runOnlyForDeploymentPostprocessing = 0;
		};
		7F9FA4FC249BE445007E2145 /* Resources */ = {
			isa = PBXResourcesBuildPhase;
			buildActionMask = 2147483647;
			files = (
			);
			runOnlyForDeploymentPostprocessing = 0;
		};
		7F9FA507249BE445007E2145 /* Resources */ = {
			isa = PBXResourcesBuildPhase;
			buildActionMask = 2147483647;
			files = (
			);
			runOnlyForDeploymentPostprocessing = 0;
		};
/* End PBXResourcesBuildPhase section */

/* Begin PBXSourcesBuildPhase section */
		7F9FA4E1249BE444007E2145 /* Sources */ = {
			isa = PBXSourcesBuildPhase;
			buildActionMask = 2147483647;
			files = (
				7F9FA4ED249BE444007E2145 /* Main.swift in Sources */,
				7F9FA51F249BE7F1007E2145 /* AppInfo.swift in Sources */,
				7FDFB493249DA2660072F1DC /* DepthCharts_2020.swift in Sources */,
				7F86E732249E4287003A980E /* TeamDepthChart_2020.swift in Sources */,
				7F9FA4E9249BE444007E2145 /* AppDelegate.swift in Sources */,
				7FDFB49D249DADC70072F1DC /* DraftOrder_2020.swift in Sources */,
				7F9FA4EB249BE444007E2145 /* SceneDelegate.swift in Sources */,
				7F9FA524249BEA6F007E2145 /* Season_2020.swift in Sources */,
				7F9FA52B249BEC0C007E2145 /* Ex_Databases.swift in Sources */,
				7FDFB499249DAA3E0072F1DC /* CustomCell.swift in Sources */,
				7F4A0210249D37A10035B875 /* Global.swift in Sources */,
				7F4A020E249D34CB0035B875 /* TopPlayers_2020.swift in Sources */,
				7FDFB495249DA8D30072F1DC /* MyLeagues_2020.swift in Sources */,
				7F9FA527249BEB30007E2145 /* Database.swift in Sources */,
				7FDFB49B249DAB650072F1DC /* MyTeam_2020.swift in Sources */,
				7F9FA529249BEB5C007E2145 /* Database_2020.swift in Sources */,
				7F9FA4F3249BE444007E2145 /* Fantasy_FB_Draft_Kit.xcdatamodeld in Sources */,
				7FDFB497249DA9710072F1DC /* Extensions.swift in Sources */,
			);
			runOnlyForDeploymentPostprocessing = 0;
		};
		7F9FA4FA249BE445007E2145 /* Sources */ = {
			isa = PBXSourcesBuildPhase;
			buildActionMask = 2147483647;
			files = (
				7F9FA503249BE445007E2145 /* Fantasy_FB_Draft_KitTests.swift in Sources */,
			);
			runOnlyForDeploymentPostprocessing = 0;
		};
		7F9FA505249BE445007E2145 /* Sources */ = {
			isa = PBXSourcesBuildPhase;
			buildActionMask = 2147483647;
			files = (
				7F9FA50E249BE445007E2145 /* Fantasy_FB_Draft_KitUITests.swift in Sources */,
			);
			runOnlyForDeploymentPostprocessing = 0;
		};
/* End PBXSourcesBuildPhase section */

/* Begin PBXTargetDependency section */
		7F9FA500249BE445007E2145 /* PBXTargetDependency */ = {
			isa = PBXTargetDependency;
			target = 7F9FA4E4249BE444007E2145 /* Fantasy FB Draft Kit */;
			targetProxy = 7F9FA4FF249BE445007E2145 /* PBXContainerItemProxy */;
		};
		7F9FA50B249BE445007E2145 /* PBXTargetDependency */ = {
			isa = PBXTargetDependency;
			target = 7F9FA4E4249BE444007E2145 /* Fantasy FB Draft Kit */;
			targetProxy = 7F9FA50A249BE445007E2145 /* PBXContainerItemProxy */;
		};
/* End PBXTargetDependency section */

/* Begin PBXVariantGroup section */
		7F9FA4EE249BE444007E2145 /* Main.storyboard */ = {
			isa = PBXVariantGroup;
			children = (
				7F9FA4EF249BE444007E2145 /* Base */,
			);
			name = Main.storyboard;
			sourceTree = "<group>";
		};
		7F9FA4F6249BE445007E2145 /* LaunchScreen.storyboard */ = {
			isa = PBXVariantGroup;
			children = (
				7F9FA4F7249BE445007E2145 /* Base */,
			);
			name = LaunchScreen.storyboard;
			sourceTree = "<group>";
		};
/* End PBXVariantGroup section */

/* Begin XCBuildConfiguration section */
		7F9FA510249BE445007E2145 /* Debug */ = {
			isa = XCBuildConfiguration;
			buildSettings = {
				ALWAYS_SEARCH_USER_PATHS = NO;
				CLANG_ANALYZER_NONNULL = YES;
				CLANG_ANALYZER_NUMBER_OBJECT_CONVERSION = YES_AGGRESSIVE;
				CLANG_CXX_LANGUAGE_STANDARD = "gnu++14";
				CLANG_CXX_LIBRARY = "libc++";
				CLANG_ENABLE_MODULES = YES;
				CLANG_ENABLE_OBJC_ARC = YES;
				CLANG_ENABLE_OBJC_WEAK = YES;
				CLANG_WARN_BLOCK_CAPTURE_AUTORELEASING = YES;
				CLANG_WARN_BOOL_CONVERSION = YES;
				CLANG_WARN_COMMA = YES;
				CLANG_WARN_CONSTANT_CONVERSION = YES;
				CLANG_WARN_DEPRECATED_OBJC_IMPLEMENTATIONS = YES;
				CLANG_WARN_DIRECT_OBJC_ISA_USAGE = YES_ERROR;
				CLANG_WARN_DOCUMENTATION_COMMENTS = YES;
				CLANG_WARN_EMPTY_BODY = YES;
				CLANG_WARN_ENUM_CONVERSION = YES;
				CLANG_WARN_INFINITE_RECURSION = YES;
				CLANG_WARN_INT_CONVERSION = YES;
				CLANG_WARN_NON_LITERAL_NULL_CONVERSION = YES;
				CLANG_WARN_OBJC_IMPLICIT_RETAIN_SELF = YES;
				CLANG_WARN_OBJC_LITERAL_CONVERSION = YES;
				CLANG_WARN_OBJC_ROOT_CLASS = YES_ERROR;
				CLANG_WARN_RANGE_LOOP_ANALYSIS = YES;
				CLANG_WARN_STRICT_PROTOTYPES = YES;
				CLANG_WARN_SUSPICIOUS_MOVE = YES;
				CLANG_WARN_UNGUARDED_AVAILABILITY = YES_AGGRESSIVE;
				CLANG_WARN_UNREACHABLE_CODE = YES;
				CLANG_WARN__DUPLICATE_METHOD_MATCH = YES;
				COPY_PHASE_STRIP = NO;
				DEBUG_INFORMATION_FORMAT = dwarf;
				ENABLE_STRICT_OBJC_MSGSEND = YES;
				ENABLE_TESTABILITY = YES;
				GCC_C_LANGUAGE_STANDARD = gnu11;
				GCC_DYNAMIC_NO_PIC = NO;
				GCC_NO_COMMON_BLOCKS = YES;
				GCC_OPTIMIZATION_LEVEL = 0;
				GCC_PREPROCESSOR_DEFINITIONS = (
					"DEBUG=1",
					"$(inherited)",
				);
				GCC_WARN_64_TO_32_BIT_CONVERSION = YES;
				GCC_WARN_ABOUT_RETURN_TYPE = YES_ERROR;
				GCC_WARN_UNDECLARED_SELECTOR = YES;
				GCC_WARN_UNINITIALIZED_AUTOS = YES_AGGRESSIVE;
				GCC_WARN_UNUSED_FUNCTION = YES;
				GCC_WARN_UNUSED_VARIABLE = YES;
				IPHONEOS_DEPLOYMENT_TARGET = 13.5;
				MTL_ENABLE_DEBUG_INFO = INCLUDE_SOURCE;
				MTL_FAST_MATH = YES;
				ONLY_ACTIVE_ARCH = YES;
				SDKROOT = iphoneos;
				SWIFT_ACTIVE_COMPILATION_CONDITIONS = DEBUG;
				SWIFT_OPTIMIZATION_LEVEL = "-Onone";
			};
			name = Debug;
		};
		7F9FA511249BE445007E2145 /* Release */ = {
			isa = XCBuildConfiguration;
			buildSettings = {
				ALWAYS_SEARCH_USER_PATHS = NO;
				CLANG_ANALYZER_NONNULL = YES;
				CLANG_ANALYZER_NUMBER_OBJECT_CONVERSION = YES_AGGRESSIVE;
				CLANG_CXX_LANGUAGE_STANDARD = "gnu++14";
				CLANG_CXX_LIBRARY = "libc++";
				CLANG_ENABLE_MODULES = YES;
				CLANG_ENABLE_OBJC_ARC = YES;
				CLANG_ENABLE_OBJC_WEAK = YES;
				CLANG_WARN_BLOCK_CAPTURE_AUTORELEASING = YES;
				CLANG_WARN_BOOL_CONVERSION = YES;
				CLANG_WARN_COMMA = YES;
				CLANG_WARN_CONSTANT_CONVERSION = YES;
				CLANG_WARN_DEPRECATED_OBJC_IMPLEMENTATIONS = YES;
				CLANG_WARN_DIRECT_OBJC_ISA_USAGE = YES_ERROR;
				CLANG_WARN_DOCUMENTATION_COMMENTS = YES;
				CLANG_WARN_EMPTY_BODY = YES;
				CLANG_WARN_ENUM_CONVERSION = YES;
				CLANG_WARN_INFINITE_RECURSION = YES;
				CLANG_WARN_INT_CONVERSION = YES;
				CLANG_WARN_NON_LITERAL_NULL_CONVERSION = YES;
				CLANG_WARN_OBJC_IMPLICIT_RETAIN_SELF = YES;
				CLANG_WARN_OBJC_LITERAL_CONVERSION = YES;
				CLANG_WARN_OBJC_ROOT_CLASS = YES_ERROR;
				CLANG_WARN_RANGE_LOOP_ANALYSIS = YES;
				CLANG_WARN_STRICT_PROTOTYPES = YES;
				CLANG_WARN_SUSPICIOUS_MOVE = YES;
				CLANG_WARN_UNGUARDED_AVAILABILITY = YES_AGGRESSIVE;
				CLANG_WARN_UNREACHABLE_CODE = YES;
				CLANG_WARN__DUPLICATE_METHOD_MATCH = YES;
				COPY_PHASE_STRIP = NO;
				DEBUG_INFORMATION_FORMAT = "dwarf-with-dsym";
				ENABLE_NS_ASSERTIONS = NO;
				ENABLE_STRICT_OBJC_MSGSEND = YES;
				GCC_C_LANGUAGE_STANDARD = gnu11;
				GCC_NO_COMMON_BLOCKS = YES;
				GCC_WARN_64_TO_32_BIT_CONVERSION = YES;
				GCC_WARN_ABOUT_RETURN_TYPE = YES_ERROR;
				GCC_WARN_UNDECLARED_SELECTOR = YES;
				GCC_WARN_UNINITIALIZED_AUTOS = YES_AGGRESSIVE;
				GCC_WARN_UNUSED_FUNCTION = YES;
				GCC_WARN_UNUSED_VARIABLE = YES;
				IPHONEOS_DEPLOYMENT_TARGET = 13.5;
				MTL_ENABLE_DEBUG_INFO = NO;
				MTL_FAST_MATH = YES;
				SDKROOT = iphoneos;
				SWIFT_COMPILATION_MODE = wholemodule;
				SWIFT_OPTIMIZATION_LEVEL = "-O";
				VALIDATE_PRODUCT = YES;
			};
			name = Release;
		};
		7F9FA513249BE445007E2145 /* Debug */ = {
			isa = XCBuildConfiguration;
			buildSettings = {
				ASSETCATALOG_COMPILER_APPICON_NAME = AppIcon;
				CODE_SIGN_STYLE = Automatic;
				DEVELOPMENT_TEAM = GFVGW2HSQX;
				INFOPLIST_FILE = "Fantasy FB Draft Kit/Info.plist";
				IPHONEOS_DEPLOYMENT_TARGET = 13.0;
				LD_RUNPATH_SEARCH_PATHS = (
					"$(inherited)",
					"@executable_path/Frameworks",
				);
				PRODUCT_BUNDLE_IDENTIFIER = "japio808.Fantasy-FB-Draft-Kit";
				PRODUCT_NAME = "$(TARGET_NAME)";
				SWIFT_VERSION = 5.0;
				TARGETED_DEVICE_FAMILY = "1,2";
			};
			name = Debug;
		};
		7F9FA514249BE445007E2145 /* Release */ = {
			isa = XCBuildConfiguration;
			buildSettings = {
				ASSETCATALOG_COMPILER_APPICON_NAME = AppIcon;
				CODE_SIGN_STYLE = Automatic;
				DEVELOPMENT_TEAM = GFVGW2HSQX;
				INFOPLIST_FILE = "Fantasy FB Draft Kit/Info.plist";
				IPHONEOS_DEPLOYMENT_TARGET = 13.0;
				LD_RUNPATH_SEARCH_PATHS = (
					"$(inherited)",
					"@executable_path/Frameworks",
				);
				PRODUCT_BUNDLE_IDENTIFIER = "japio808.Fantasy-FB-Draft-Kit";
				PRODUCT_NAME = "$(TARGET_NAME)";
				SWIFT_VERSION = 5.0;
				TARGETED_DEVICE_FAMILY = "1,2";
			};
			name = Release;
		};
		7F9FA516249BE445007E2145 /* Debug */ = {
			isa = XCBuildConfiguration;
			buildSettings = {
				ALWAYS_EMBED_SWIFT_STANDARD_LIBRARIES = YES;
				BUNDLE_LOADER = "$(TEST_HOST)";
				CODE_SIGN_STYLE = Automatic;
				DEVELOPMENT_TEAM = GFVGW2HSQX;
				INFOPLIST_FILE = "Fantasy FB Draft KitTests/Info.plist";
				IPHONEOS_DEPLOYMENT_TARGET = 13.5;
				LD_RUNPATH_SEARCH_PATHS = (
					"$(inherited)",
					"@executable_path/Frameworks",
					"@loader_path/Frameworks",
				);
				PRODUCT_BUNDLE_IDENTIFIER = "japio808.Fantasy-FB-Draft-KitTests";
				PRODUCT_NAME = "$(TARGET_NAME)";
				SWIFT_VERSION = 5.0;
				TARGETED_DEVICE_FAMILY = "1,2";
				TEST_HOST = "$(BUILT_PRODUCTS_DIR)/Fantasy FB Draft Kit.app/Fantasy FB Draft Kit";
			};
			name = Debug;
		};
		7F9FA517249BE445007E2145 /* Release */ = {
			isa = XCBuildConfiguration;
			buildSettings = {
				ALWAYS_EMBED_SWIFT_STANDARD_LIBRARIES = YES;
				BUNDLE_LOADER = "$(TEST_HOST)";
				CODE_SIGN_STYLE = Automatic;
				DEVELOPMENT_TEAM = GFVGW2HSQX;
				INFOPLIST_FILE = "Fantasy FB Draft KitTests/Info.plist";
				IPHONEOS_DEPLOYMENT_TARGET = 13.5;
				LD_RUNPATH_SEARCH_PATHS = (
					"$(inherited)",
					"@executable_path/Frameworks",
					"@loader_path/Frameworks",
				);
				PRODUCT_BUNDLE_IDENTIFIER = "japio808.Fantasy-FB-Draft-KitTests";
				PRODUCT_NAME = "$(TARGET_NAME)";
				SWIFT_VERSION = 5.0;
				TARGETED_DEVICE_FAMILY = "1,2";
				TEST_HOST = "$(BUILT_PRODUCTS_DIR)/Fantasy FB Draft Kit.app/Fantasy FB Draft Kit";
			};
			name = Release;
		};
		7F9FA519249BE445007E2145 /* Debug */ = {
			isa = XCBuildConfiguration;
			buildSettings = {
				ALWAYS_EMBED_SWIFT_STANDARD_LIBRARIES = YES;
				CODE_SIGN_STYLE = Automatic;
				DEVELOPMENT_TEAM = GFVGW2HSQX;
				INFOPLIST_FILE = "Fantasy FB Draft KitUITests/Info.plist";
				LD_RUNPATH_SEARCH_PATHS = (
					"$(inherited)",
					"@executable_path/Frameworks",
					"@loader_path/Frameworks",
				);
				PRODUCT_BUNDLE_IDENTIFIER = "japio808.Fantasy-FB-Draft-KitUITests";
				PRODUCT_NAME = "$(TARGET_NAME)";
				SWIFT_VERSION = 5.0;
				TARGETED_DEVICE_FAMILY = "1,2";
				TEST_TARGET_NAME = "Fantasy FB Draft Kit";
			};
			name = Debug;
		};
		7F9FA51A249BE445007E2145 /* Release */ = {
			isa = XCBuildConfiguration;
			buildSettings = {
				ALWAYS_EMBED_SWIFT_STANDARD_LIBRARIES = YES;
				CODE_SIGN_STYLE = Automatic;
				DEVELOPMENT_TEAM = GFVGW2HSQX;
				INFOPLIST_FILE = "Fantasy FB Draft KitUITests/Info.plist";
				LD_RUNPATH_SEARCH_PATHS = (
					"$(inherited)",
					"@executable_path/Frameworks",
					"@loader_path/Frameworks",
				);
				PRODUCT_BUNDLE_IDENTIFIER = "japio808.Fantasy-FB-Draft-KitUITests";
				PRODUCT_NAME = "$(TARGET_NAME)";
				SWIFT_VERSION = 5.0;
				TARGETED_DEVICE_FAMILY = "1,2";
				TEST_TARGET_NAME = "Fantasy FB Draft Kit";
			};
			name = Release;
		};
/* End XCBuildConfiguration section */

/* Begin XCConfigurationList section */
		7F9FA4E0249BE444007E2145 /* Build configuration list for PBXProject "Fantasy FB Draft Kit" */ = {
			isa = XCConfigurationList;
			buildConfigurations = (
				7F9FA510249BE445007E2145 /* Debug */,
				7F9FA511249BE445007E2145 /* Release */,
			);
			defaultConfigurationIsVisible = 0;
			defaultConfigurationName = Release;
		};
		7F9FA512249BE445007E2145 /* Build configuration list for PBXNativeTarget "Fantasy FB Draft Kit" */ = {
			isa = XCConfigurationList;
			buildConfigurations = (
				7F9FA513249BE445007E2145 /* Debug */,
				7F9FA514249BE445007E2145 /* Release */,
			);
			defaultConfigurationIsVisible = 0;
			defaultConfigurationName = Release;
		};
		7F9FA515249BE445007E2145 /* Build configuration list for PBXNativeTarget "Fantasy FB Draft KitTests" */ = {
			isa = XCConfigurationList;
			buildConfigurations = (
				7F9FA516249BE445007E2145 /* Debug */,
				7F9FA517249BE445007E2145 /* Release */,
			);
			defaultConfigurationIsVisible = 0;
			defaultConfigurationName = Release;
		};
		7F9FA518249BE445007E2145 /* Build configuration list for PBXNativeTarget "Fantasy FB Draft KitUITests" */ = {
			isa = XCConfigurationList;
			buildConfigurations = (
				7F9FA519249BE445007E2145 /* Debug */,
				7F9FA51A249BE445007E2145 /* Release */,
			);
			defaultConfigurationIsVisible = 0;
			defaultConfigurationName = Release;
		};
/* End XCConfigurationList section */

/* Begin XCVersionGroup section */
		7F9FA4F1249BE444007E2145 /* Fantasy_FB_Draft_Kit.xcdatamodeld */ = {
			isa = XCVersionGroup;
			children = (
				7F9FA4F2249BE444007E2145 /* Fantasy_FB_Draft_Kit.xcdatamodel */,
			);
			currentVersion = 7F9FA4F2249BE444007E2145 /* Fantasy_FB_Draft_Kit.xcdatamodel */;
			path = Fantasy_FB_Draft_Kit.xcdatamodeld;
			sourceTree = "<group>";
			versionGroupType = wrapper.xcdatamodel;
		};
/* End XCVersionGroup section */
	};
	rootObject = 7F9FA4DD249BE444007E2145 /* Project object */;
}
